{
  "name": "atomico-base",
  "version": "0.0.0",
  "lockfileVersion": 1,
  "requires": true,
  "dependencies": {
    "@emotion/hash": {
      "version": "0.8.0",
      "resolved": "https://registry.npmjs.org/@emotion/hash/-/hash-0.8.0.tgz",
      "integrity": "sha512-kBJtf7PH6aWwZ6fka3zQ0p6SBYzx4fl1LoZXE2RrnYST9Xljm7WfKJrU4g/Xr3Beg72MLrp1AWNUmuYJTL7Cow=="
    },
    "atomico": {
      "version": "1.0.5",
      "resolved": "https://registry.npmjs.org/atomico/-/atomico-1.0.5.tgz",
      "integrity": "sha512-kmqg5QQmL7KcHuZ8tS5XhZBenQSQi8yhT8n4tRJ4RB/wQs5lahv2RhBVKwRh6fLI7JYn9X6jzWn1L3RPiI6IYg=="
    },
    "csstype": {
      "version": "2.6.13",
      "resolved": "https://registry.npmjs.org/csstype/-/csstype-2.6.13.tgz",
      "integrity": "sha512-ul26pfSQTZW8dcOnD2iiJssfXw0gdNVX9IJDH/X3K5DGPfj+fUYe3kB+swUY6BF3oZDxaID3AJt+9/ojSAE05A=="
    },
    "estack": {
      "version": "0.14.3",
      "resolved": "https://registry.npmjs.org/estack/-/estack-0.14.3.tgz",
      "integrity": "sha512-HB+7oEnXEe/zZZMyj83XHAVTgxZhDqXoZ3Sfv+y5+INc/LV1RAd8sqd0svsLID5UhOdDXsEV0PJh6iiqIUg83A==",
      "dev": true,
      "requires": {
        "fsevents": "~2.1.2",
        "rollup": "^2.16.1"
      }
    },
    "fsevents": {
      "version": "2.1.3",
      "resolved": "https://registry.npmjs.org/fsevents/-/fsevents-2.1.3.tgz",
      "integrity": "sha512-Auw9a4AxqWpa9GUfj370BMPzzyncfBABW8Mab7BGWBYDj4Isgq+cDKtx0i6u9jcX9pQDnswsaaOTgTmA5pEjuQ==",
      "dev": true,
      "optional": true
    },
    "otion": {
      "version": "0.5.5",
      "resolved": "https://registry.npmjs.org/otion/-/otion-0.5.5.tgz",
      "integrity": "sha512-c42iQ0gQr8jIdV4wo/Sot54N+bI08Rne8kNljgpOhALpqI/4q/tMXpurRspXV/8G+rcdpb+As/vnojBMvngIrA==",
      "requires": {
        "@emotion/hash": "^0.8.0",
        "csstype": "^2.6.10",
        "tiny-css-prefixer": "^1.1.4"
      }
    },
    "rollup": {
      "version": "2.25.0",
      "resolved": "https://registry.npmjs.org/rollup/-/rollup-2.25.0.tgz",
      "integrity": "sha512-S+OzytEaqcLugXAqesmJMb1Q16I6h1ps8F3AOX7yMZ1OkkuOATJH/x2lqJJtjQo2/d+0J4j62M2RbvgmxvOuCw==",
      "dev": true,
      "requires": {
        "fsevents": "~2.1.2"
      }
    },
    "tfolder-cli": {
      "version": "0.2.0",
      "resolved": "https://registry.npmjs.org/tfolder-cli/-/tfolder-cli-0.2.0.tgz",
      "integrity": "sha512-1Qhi+z0Bbbj92voKwThrxpTWM/DSo9GRzO1BB5e9VLJ702O2AJ3fyP2gA8kQO3ohfP6YyCGPNHssCkIAsIqUxQ==",
      "dev": true
    },
    "tiny-css-prefixer": {
      "version": "1.1.4",
      "resolved": "https://registry.npmjs.org/tiny-css-prefixer/-/tiny-css-prefixer-1.1.4.tgz",
      "integrity": "sha512-QLnDGLUmMkNlSuWogBaSu92uQnvWhcQwUc+MG8L4YgBkjSmBkAz29pTq+8Rh3YWR1TwPrjuZDKWzO7v4PXkipQ=="
    }
  }
}
